<?xml version="1.0" encoding="utf-8"?>
<Project ToolsVersion="4.0" xmlns="http://schemas.microsoft.com/developer/msbuild/2003">
  <ItemGroup>
    <Filter Include="Source Files">
      <UniqueIdentifier>{4FC737F1-C7A5-4376-A066-2A32D752A2FF}</UniqueIdentifier>
      <Extensions>cpp;c;cc;cxx;c++;cppm;ixx;def;odl;idl;hpj;bat;asm;asmx</Extensions>
    </Filter>
    <Filter Include="Header Files">
      <UniqueIdentifier>{93995380-89BD-4b04-88EB-625FBE52EBFB}</UniqueIdentifier>
      <Extensions>h;hh;hpp;hxx;h++;hm;inl;inc;ipp;xsd</Extensions>
    </Filter>
    <Filter Include="Resource Files">
      <UniqueIdentifier>{67DA6AB6-F800-4c08-8B7A-83BB121AAD01}</UniqueIdentifier>
      <Extensions>rc;ico;cur;bmp;dlg;rc2;rct;bin;rgs;gif;jpg;jpeg;jpe;resx;tiff;tif;png;wav;mfcribbon-ms</Extensions>
    </Filter>
    <Filter Include="Forms">
      <UniqueIdentifier>{0473a04d-a199-4ac8-b7d6-0798f5b9e115}</UniqueIdentifier>
    </Filter>
    <Filter Include="Models">
      <UniqueIdentifier>{f8650f6a-8ec8-4b50-81bf-55f0cc9a598d}</UniqueIdentifier>
    </Filter>
    <Filter Include="Services">
      <UniqueIdentifier>{f574fae0-cf07-46df-80c5-5f6a834264cd}</UniqueIdentifier>
    </Filter>
    <Filter Include="Data">
      <UniqueIdentifier>{e0821d41-ed02-473e-97fc-f0657f1cdc47}</UniqueIdentifier>
    </Filter>
    <Filter Include="Utils">
      <UniqueIdentifier>{f637d38d-a081-4b54-b61b-f5af60c5c2b0}</UniqueIdentifier>
    </Filter>
  </ItemGroup>
  <ItemGroup>
    <ClCompile Include="DashboardForm.cpp">
      <Filter>Forms</Filter>
    </ClCompile>
    <ClCompile Include="CarsForm.cpp">
      <Filter>Forms</Filter>
    </ClCompile>
    <ClCompile Include="CustomersForm.cpp">
      <Filter>Forms</Filter>
    </ClCompile>
    <ClCompile Include="RentalsForm.cpp">
      <Filter>Forms</Filter>
    </ClCompile>
    <ClCompile Include="CarService.cpp">
      <Filter>Services</Filter>
    </ClCompile>
    <ClCompile Include="CustomerService.cpp">
      <Filter>Services</Filter>
    </ClCompile>
    <ClCompile Include="RentalService.cpp">
      <Filter>Services</Filter>
    </ClCompile>
    <ClCompile Include="Program.cpp">
      <Filter>Source Files</Filter>
    </ClCompile>
    <ClCompile Include="SplashForm.cpp">
      <Filter>Forms</Filter>
    </ClCompile>
    <ClCompile Include="ReturnsForm.cpp">
      <Filter>Forms</Filter>
    </ClCompile>
  </ItemGroup>
  <ItemGroup>
    <ClInclude Include="DashboardForm.h">
      <Filter>Forms</Filter>
    </ClInclude>
    <ClInclude Include="CarsForm.h">
      <Filter>Forms</Filter>
    </ClInclude>
    <ClInclude Include="CustomersForm.h">
      <Filter>Forms</Filter>
    </ClInclude>
    <ClInclude Include="RentalsForm.h">
      <Filter>Forms</Filter>
    </ClInclude>
    <ClInclude Include="InvoiceForm.h">
      <Filter>Forms</Filter>
    </ClInclude>
    <ClInclude Include="Car.h">
      <Filter>Models</Filter>
    </ClInclude>
    <ClInclude Include="Customer.h">
      <Filter>Models</Filter>
    </ClInclude>
    <ClInclude Include="Rental.h">
      <Filter>Models</Filter>
    </ClInclude>
    <ClInclude Include="Invoice.h">
      <Filter>Models</Filter>
    </ClInclude>
    <ClInclude Include="CarService.h">
      <Filter>Services</Filter>
    </ClInclude>
    <ClInclude Include="CustomerService.h">
      <Filter>Services</Filter>
    </ClInclude>
    <ClInclude Include="RentalService.h">
      <Filter>Services</Filter>
    </ClInclude>
    <ClInclude Include="FileHelper.h">
      <Filter>Utils</Filter>
    </ClInclude>
    <ClInclude Include="Validators.h">
      <Filter>Utils</Filter>
    </ClInclude>
    <ClInclude Include="SplashForm.h">
      <Filter>Forms</Filter>
    </ClInclude>
    <ClInclude Include="ReturnsForm.h">
      <Filter>Forms</Filter>
    </ClInclude>
  </ItemGroup>
  <ItemGroup>
    <Image Include="CarRentalSystem\x64\Splash.png">
      <Filter>Resource Files</Filter>
    </Image>
  </ItemGroup>
  <ItemGroup>
    <Text Include="x64\Debug\Data\cars.txt">
      <Filter>Data</Filter>
    </Text>
    <Text Include="x64\Debug\Data\customers.txt" />
    <Text Include="x64\Debug\Data\rentals.txt" />
    <Text Include="x64\Debug\Data\returns.txt" />
    <Text Include="x64\Debug\Data\invoices.txt" />
  </ItemGroup>
</Project>